{
  "requires": true,
  "lockfileVersion": 1,
  "dependencies": {
    "autoprefixer": {
      "version": "10.0.1",
      "resolved": "https://registry.npmjs.org/autoprefixer/-/autoprefixer-10.0.1.tgz",
      "integrity": "sha512-aQo2BDIsoOdemXUAOBpFv4ZQa2DrOtEufarYhtFsK1088Ca0TUwu/aQWf0M3mrILXZ3mTIVn1lR3hPW8acacsw==",
      "requires": {
        "browserslist": "^4.14.5",
        "caniuse-lite": "^1.0.30001137",
        "colorette": "^1.2.1",
        "normalize-range": "^0.1.2",
        "num2fraction": "^1.2.2",
        "postcss-value-parser": "^4.1.0"
      }
    },
    "browserslist": {
      "version": "4.14.5",
      "resolved": "https://registry.npmjs.org/browserslist/-/browserslist-4.14.5.tgz",
      "integrity": "sha512-Z+vsCZIvCBvqLoYkBFTwEYH3v5MCQbsAjp50ERycpOjnPmolg1Gjy4+KaWWpm8QOJt9GHkhdqAl14NpCX73CWA==",
      "requires": {
        "caniuse-lite": "^1.0.30001135",
        "electron-to-chromium": "^1.3.571",
        "escalade": "^3.1.0",
        "node-releases": "^1.1.61"
      }
    },
    "buffer-from": {
      "version": "1.1.1",
      "resolved": "https://registry.npmjs.org/buffer-from/-/buffer-from-1.1.1.tgz",
      "integrity": "sha512-MQcXEUbCKtEo7bhqEs6560Hyd4XaovZlO/k9V3hjVUF/zwW7KBVdSK4gIt/bzwS9MbR5qob+F5jusZsb0YQK2A=="
    },
    "caniuse-lite": {
      "version": "1.0.30001148",
      "resolved": "https://registry.npmjs.org/caniuse-lite/-/caniuse-lite-1.0.30001148.tgz",
      "integrity": "sha512-E66qcd0KMKZHNJQt9hiLZGE3J4zuTqE1OnU53miEVtylFbwOEmeA5OsRu90noZful+XGSQOni1aT2tiqu/9yYw=="
    },
    "clean-css": {
      "version": "4.2.3",
      "resolved": "https://registry.npmjs.org/clean-css/-/clean-css-4.2.3.tgz",
      "integrity": "sha512-VcMWDN54ZN/DS+g58HYL5/n4Zrqe8vHJpGA8KdgUXFU4fuP/aHNw8eld9SyEIyabIMJX/0RaY/fplOo5hYLSFA==",
      "requires": {
        "source-map": "~0.6.0"
      }
    },
    "colorette": {
      "version": "1.2.1",
      "resolved": "https://registry.npmjs.org/colorette/-/colorette-1.2.1.tgz",
      "integrity": "sha512-puCDz0CzydiSYOrnXpz/PKd69zRrribezjtE9yd4zvytoRc8+RY/KJPvtPFKZS3E3wP6neGyMe0vOTlHO5L3Pw=="
    },
    "commander": {
      "version": "2.20.3",
      "resolved": "https://registry.npmjs.org/commander/-/commander-2.20.3.tgz",
      "integrity": "sha512-GpVkmM8vF2vQUkj2LvZmD35JxeJOLCwJ9cUkugyk2nuhbv3+mJvpLYYt+0+USMxE+oj+ey/lJEnhZw75x/OMcQ=="
    },
    "electron-to-chromium": {
      "version": "1.3.582",
      "resolved": "https://registry.npmjs.org/electron-to-chromium/-/electron-to-chromium-1.3.582.tgz",
      "integrity": "sha512-0nCJ7cSqnkMC+kUuPs0YgklFHraWGl/xHqtZWWtOeVtyi+YqkoAOMGuZQad43DscXCQI/yizcTa3u6B5r+BLww=="
    },
    "escalade": {
      "version": "3.1.1",
      "resolved": "https://registry.npmjs.org/escalade/-/escalade-3.1.1.tgz",
      "integrity": "sha512-k0er2gUkLf8O0zKJiAhmkTnJlTvINGv7ygDNPbeIsX/TJjGJZHuh9B2UxbsaEkmlEo9MfhrSzmhIlhRlI2GXnw=="
    },
    "node-releases": {
      "version": "1.1.64",
      "resolved": "https://registry.npmjs.org/node-releases/-/node-releases-1.1.64.tgz",
      "integrity": "sha512-Iec8O9166/x2HRMJyLLLWkd0sFFLrFNy+Xf+JQfSQsdBJzPcHpNl3JQ9gD4j+aJxmCa25jNsIbM4bmACtSbkSg=="
    },
    "normalize-range": {
      "version": "0.1.2",
      "resolved": "https://registry.npmjs.org/normalize-range/-/normalize-range-0.1.2.tgz",
      "integrity": "sha1-LRDAa9/TEuqXd2laTShDlFa3WUI="
    },
    "num2fraction": {
      "version": "1.2.2",
      "resolved": "https://registry.npmjs.org/num2fraction/-/num2fraction-1.2.2.tgz",
      "integrity": "sha1-b2gragJ6Tp3fpFZM0lidHU5mnt4="
    },
    "postcss-value-parser": {
      "version": "4.1.0",
      "resolved": "https://registry.npmjs.org/postcss-value-parser/-/postcss-value-parser-4.1.0.tgz",
      "integrity": "sha512-97DXOFbQJhk71ne5/Mt6cOu6yxsSfM0QGQyl0L25Gca4yGWEGJaig7l7gbCX623VqTBNGLRLaVUCnNkcedlRSQ=="
    },
    "source-map": {
      "version": "0.6.1",
      "resolved": "https://registry.npmjs.org/source-map/-/source-map-0.6.1.tgz",
      "integrity": "sha512-UjgapumWlbMhkBgzT7Ykc5YXUT46F0iKu8SGXq0bcwP5dz/h0Plj6enJqjz1Zbq2l5WaqYnrVbwWOWMyF3F47g=="
    },
    "source-map-support": {
      "version": "0.5.19",
      "resolved": "https://registry.npmjs.org/source-map-support/-/source-map-support-0.5.19.tgz",
      "integrity": "sha512-Wonm7zOCIJzBGQdB+thsPar0kYuCIzYvxZwlBa87yi/Mdjv7Tip2cyVbLj5o0cFPN4EVkuTwb3GDDyUx2DGnGw==",
      "requires": {
        "buffer-from": "^1.0.0",
        "source-map": "^0.6.0"
      }
    },
    "terser": {
      "version": "5.3.7",
      "resolved": "https://registry.npmjs.org/terser/-/terser-5.3.7.tgz",
      "integrity": "sha512-lJbKdfxWvjpV330U4PBZStCT9h3N9A4zZVA5Y4k9sCWXknrpdyxi1oMsRKLmQ/YDMDxSBKIh88v0SkdhdqX06w==",
      "requires": {
        "commander": "^2.20.0",
        "source-map": "~0.7.2",
        "source-map-support": "~0.5.19"
      },
      "dependencies": {
        "source-map": {
          "version": "0.7.3",
          "resolved": "https://registry.npmjs.org/source-map/-/source-map-0.7.3.tgz",
          "integrity": "sha512-CkCj6giN3S+n9qrYiBTX5gystlENnRW5jZeNLHpe6aue+SrHcG5VYwujhW9s4dY31mEGsxBDrHR6oI69fTXsaQ=="
        }
      }
    }
  }
}
